
Microsoft Visual Studio Solution File, Format Version 12.00
# Visual Studio Version 16
VisualStudioVersion = 16.0.30523.141
MinimumVisualStudioVersion = 10.0.40219.1
Project("{FAE04EC0-301F-11D3-BF4B-00C04F79EFBC}") = "FifteenGameWebApi", "FifteenGameWebApi\FifteenGameWebApi.csproj", "{56AF3243-4AC6-417A-8621-6684514C1419}"
EndProject
Project("{FAE04EC0-301F-11D3-BF4B-00C04F79EFBC}") = "FifteenGame.Business", "..\FifteenGame.Wpf\FifteenGame.Business\FifteenGame.Business.csproj", "{77F62970-7339-4395-8A74-D052F1D13036}"
EndProject
Project("{FAE04EC0-301F-11D3-BF4B-00C04F79EFBC}") = "FifteenGame.Common", "FifteenGame.Common\FifteenGame.Common.csproj", "{4B2C8E75-0E9E-4CCE-ACC9-7CC6259F1124}"
EndProject
Global
	GlobalSection(SolutionConfigurationPlatforms) = preSolution
		Debug|Any CPU = Debug|Any CPU
		Release|Any CPU = Release|Any CPU
	EndGlobalSection
	GlobalSection(ProjectConfigurationPlatforms) = postSolution
		{56AF3243-4AC6-417A-8621-6684514C1419}.Debug|Any CPU.ActiveCfg = Debug|Any CPU
		{56AF3243-4AC6-417A-8621-6684514C1419}.Debug|Any CPU.Build.0 = Debug|Any CPU
		{56AF3243-4AC6-417A-8621-6684514C1419}.Release|Any CPU.ActiveCfg = Release|Any CPU
		{56AF3243-4AC6-417A-8621-6684514C1419}.Release|Any CPU.Build.0 = Release|Any CPU
		{77F62970-7339-4395-8A74-D052F1D13036}.Debug|Any CPU.ActiveCfg = Debug|Any CPU
		{77F62970-7339-4395-8A74-D052F1D13036}.Debug|Any CPU.Build.0 = Debug|Any CPU
		{77F62970-7339-4395-8A74-D052F1D13036}.Release|Any CPU.ActiveCfg = Release|Any CPU
		{77F62970-7339-4395-8A74-D052F1D13036}.Release|Any CPU.Build.0 = Release|Any CPU
		{4B2C8E75-0E9E-4CCE-ACC9-7CC6259F1124}.Debug|Any CPU.ActiveCfg = Debug|Any CPU
		{4B2C8E75-0E9E-4CCE-ACC9-7CC6259F1124}.Debug|Any CPU.Build.0 = Debug|Any CPU
		{4B2C8E75-0E9E-4CCE-ACC9-7CC6259F1124}.Release|Any CPU.ActiveCfg = Release|Any CPU
		{4B2C8E75-0E9E-4CCE-ACC9-7CC6259F1124}.Release|Any CPU.Build.0 = Release|Any CPU
	EndGlobalSection
	GlobalSection(SolutionProperties) = preSolution
		HideSolutionNode = FALSE
	EndGlobalSection
	GlobalSection(ExtensibilityGlobals) = postSolution
		SolutionGuid = {BEA25E53-C5E8-48A0-8719-CCEB8B4D8F67}
	EndGlobalSection
EndGlobal
