
Microsoft Visual Studio Solution File, Format Version 12.00
# Visual Studio Version 16
VisualStudioVersion = 16.0.30523.141
MinimumVisualStudioVersion = 10.0.40219.1
Project("{FAE04EC0-301F-11D3-BF4B-00C04F79EFBC}") = "FifteenGameAspNet", "FifteenGameAspNet\FifteenGameAspNet.csproj", "{E2D4A79C-4741-4626-AC0D-5CCA1E5944C3}"
EndProject
Project("{FAE04EC0-301F-11D3-BF4B-00C04F79EFBC}") = "FifteenGame.Business", "..\FifteenGame.Wpf\FifteenGame.Business\FifteenGame.Business.csproj", "{77F62970-7339-4395-8A74-D052F1D13036}"
EndProject
Global
	GlobalSection(SolutionConfigurationPlatforms) = preSolution
		Debug|Any CPU = Debug|Any CPU
		Release|Any CPU = Release|Any CPU
	EndGlobalSection
	GlobalSection(ProjectConfigurationPlatforms) = postSolution
		{E2D4A79C-4741-4626-AC0D-5CCA1E5944C3}.Debug|Any CPU.ActiveCfg = Debug|Any CPU
		{E2D4A79C-4741-4626-AC0D-5CCA1E5944C3}.Debug|Any CPU.Build.0 = Debug|Any CPU
		{E2D4A79C-4741-4626-AC0D-5CCA1E5944C3}.Release|Any CPU.ActiveCfg = Release|Any CPU
		{E2D4A79C-4741-4626-AC0D-5CCA1E5944C3}.Release|Any CPU.Build.0 = Release|Any CPU
		{77F62970-7339-4395-8A74-D052F1D13036}.Debug|Any CPU.ActiveCfg = Debug|Any CPU
		{77F62970-7339-4395-8A74-D052F1D13036}.Debug|Any CPU.Build.0 = Debug|Any CPU
		{77F62970-7339-4395-8A74-D052F1D13036}.Release|Any CPU.ActiveCfg = Release|Any CPU
		{77F62970-7339-4395-8A74-D052F1D13036}.Release|Any CPU.Build.0 = Release|Any CPU
	EndGlobalSection
	GlobalSection(SolutionProperties) = preSolution
		HideSolutionNode = FALSE
	EndGlobalSection
	GlobalSection(ExtensibilityGlobals) = postSolution
		SolutionGuid = {883F6F44-2F81-424F-8F36-650017541602}
	EndGlobalSection
EndGlobal
